{
  "object": {
    "pins": [
      {
        "package": "Sliders",
        "repositoryURL": "https://github.com/denopa/SwiftUIsliders.git",
        "state": {
          "branch": "master",
          "revision": "cace6cf28fecde973a479ac553efbe43b3a4b1dc",
          "version": null
        }
      }
    ]
  },
  "version": 1
}
